
Microsoft Visual Studio Solution File, Format Version 12.00
# Visual Studio Version 16
VisualStudioVersion = 16.0.29613.14
MinimumVisualStudioVersion = 10.0.40219.1
Project("{FAE04EC0-301F-11D3-BF4B-00C04F79EFBC}") = "MVCDemo", "WebApplication1\MVCDemo.csproj", "{028962E1-0265-4DCD-9E1A-F27C37092261}"
EndProject
Global
	GlobalSection(SolutionConfigurationPlatforms) = preSolution
		Debug|Any CPU = Debug|Any CPU
		Release|Any CPU = Release|Any CPU
	EndGlobalSection
	GlobalSection(ProjectConfigurationPlatforms) = postSolution
		{028962E1-0265-4DCD-9E1A-F27C37092261}.Debug|Any CPU.ActiveCfg = Debug|Any CPU
		{028962E1-0265-4DCD-9E1A-F27C37092261}.Debug|Any CPU.Build.0 = Debug|Any CPU
		{028962E1-0265-4DCD-9E1A-F27C37092261}.Release|Any CPU.ActiveCfg = Release|Any CPU
		{028962E1-0265-4DCD-9E1A-F27C37092261}.Release|Any CPU.Build.0 = Release|Any CPU
	EndGlobalSection
	GlobalSection(SolutionProperties) = preSolution
		HideSolutionNode = FALSE
	EndGlobalSection
	GlobalSection(ExtensibilityGlobals) = postSolution
		SolutionGuid = {F92BBAD5-62A0-4E40-988D-2DB05089FCAB}
	EndGlobalSection
EndGlobal
